
Microsoft Visual Studio Solution File, Format Version 12.00
# Visual Studio Version 16
VisualStudioVersion = 16.0.30225.117
MinimumVisualStudioVersion = 10.0.40219.1
Project("{FAE04EC0-301F-11D3-BF4B-00C04F79EFBC}") = "WindowsFormsApp1", "WindowsFormsApp1\WindowsFormsApp1.csproj", "{A639561D-ED69-40E3-9342-2EFFD158A43C}"
EndProject
Global
	GlobalSection(SolutionConfigurationPlatforms) = preSolution
		Debug|Any CPU = Debug|Any CPU
		Release|Any CPU = Release|Any CPU
	EndGlobalSection
	GlobalSection(ProjectConfigurationPlatforms) = postSolution
		{A639561D-ED69-40E3-9342-2EFFD158A43C}.Debug|Any CPU.ActiveCfg = Debug|Any CPU
		{A639561D-ED69-40E3-9342-2EFFD158A43C}.Debug|Any CPU.Build.0 = Debug|Any CPU
		{A639561D-ED69-40E3-9342-2EFFD158A43C}.Release|Any CPU.ActiveCfg = Release|Any CPU
		{A639561D-ED69-40E3-9342-2EFFD158A43C}.Release|Any CPU.Build.0 = Release|Any CPU
	EndGlobalSection
	GlobalSection(SolutionProperties) = preSolution
		HideSolutionNode = FALSE
	EndGlobalSection
	GlobalSection(ExtensibilityGlobals) = postSolution
		SolutionGuid = {2D71DB17-5B91-4E02-B7B9-8510412D5265}
	EndGlobalSection
EndGlobal
